
Microsoft Visual Studio Solution File, Format Version 12.00
# Visual Studio Version 17
VisualStudioVersion = 17.10.35122.118
MinimumVisualStudioVersion = 10.0.40219.1
Project("{2150E333-8FDC-42A3-9474-1A3956D46DE8}") = "Services", "Services", "{5D989FA5-975F-4432-9C0C-D2FE5A323A7D}"
EndProject
Project("{2150E333-8FDC-42A3-9474-1A3956D46DE8}") = "Catalog", "Catalog", "{9ECF06F0-5B0D-4824-814C-8101F75E6EE7}"
	ProjectSection(SolutionItems) = preProject
		CatalogServiceREADME.txt = CatalogServiceREADME.txt
	EndProjectSection
EndProject
Project("{9A19103F-16F7-4668-BE54-9A1E7A4F7556}") = "Catalog.API", "Services\Catalog\Catalog.API\Catalog.API.csproj", "{435D9483-389F-47B2-816D-26A1C744533C}"
EndProject
Project("{2150E333-8FDC-42A3-9474-1A3956D46DE8}") = "BuildingBlocks", "BuildingBlocks", "{803918F3-1BA0-48C9-9B2F-2B1F3F40F817}"
EndProject
Project("{9A19103F-16F7-4668-BE54-9A1E7A4F7556}") = "BuildingBlocks", "BuildingBlocks\BuildingBlocks\BuildingBlocks.csproj", "{9A467492-0FB6-48D9-9E6D-FA1FEAAED75E}"
EndProject
Project("{E53339B2-1760-4266-BCC7-CA923CBCF16C}") = "docker-compose", "docker-compose.dcproj", "{60E5B71E-FBCC-4C96-BCD4-5A87BCCA53A2}"
EndProject
Project("{2150E333-8FDC-42A3-9474-1A3956D46DE8}") = "Basket", "Basket", "{E28892B4-FD55-43FD-8C22-FDE9EDE4A8EF}"
	ProjectSection(SolutionItems) = preProject
		BasketServiceREADME.txt = BasketServiceREADME.txt
	EndProjectSection
EndProject
Project("{9A19103F-16F7-4668-BE54-9A1E7A4F7556}") = "Basket.API", "Services\Basket\Basket.API\Basket.API.csproj", "{3EB9A4B4-C5D1-4095-9149-8D1905FC8C25}"
EndProject
Project("{2150E333-8FDC-42A3-9474-1A3956D46DE8}") = "Discount", "Discount", "{50A7C281-C49E-4F62-BF5D-F2CF53B10D63}"
EndProject
Project("{9A19103F-16F7-4668-BE54-9A1E7A4F7556}") = "Discount.Grpc", "Services\Discount\Discount.grpc\Discount.Grpc.csproj", "{AB9A05B1-2EAC-4486-BE18-A4E53935D8D0}"
EndProject
Project("{2150E333-8FDC-42A3-9474-1A3956D46DE8}") = "Ordering", "Ordering", "{93381FC4-E166-45E3-96CB-8EAEDFEABFC1}"
EndProject
Project("{9A19103F-16F7-4668-BE54-9A1E7A4F7556}") = "Ordering.API", "Services\Ordering\Ordering.API\Ordering.API.csproj", "{9B159585-00FA-4E17-8E36-DCFB18146DB7}"
EndProject
Project("{FAE04EC0-301F-11D3-BF4B-00C04F79EFBC}") = "Orderling.Domain", "Services\Ordering\Orderling.Domain\Orderling.Domain.csproj", "{955283AA-61C4-4328-A836-461841A5564C}"
EndProject
Project("{FAE04EC0-301F-11D3-BF4B-00C04F79EFBC}") = "Ordering.Application", "Services\Ordering\Ordering.Application\Ordering.Application.csproj", "{9D4690E7-8510-4170-A6F1-4649CE2295E0}"
EndProject
Project("{FAE04EC0-301F-11D3-BF4B-00C04F79EFBC}") = "Ordering.Infrastructure", "Services\Ordering\Ordering.Infrastructure\Ordering.Infrastructure.csproj", "{FFC0EC1D-1583-4F3E-9EA2-0388C78BDEBE}"
EndProject
Global
	GlobalSection(SolutionConfigurationPlatforms) = preSolution
		Debug|Any CPU = Debug|Any CPU
		Release|Any CPU = Release|Any CPU
	EndGlobalSection
	GlobalSection(ProjectConfigurationPlatforms) = postSolution
		{435D9483-389F-47B2-816D-26A1C744533C}.Debug|Any CPU.ActiveCfg = Debug|Any CPU
		{435D9483-389F-47B2-816D-26A1C744533C}.Debug|Any CPU.Build.0 = Debug|Any CPU
		{435D9483-389F-47B2-816D-26A1C744533C}.Release|Any CPU.ActiveCfg = Release|Any CPU
		{435D9483-389F-47B2-816D-26A1C744533C}.Release|Any CPU.Build.0 = Release|Any CPU
		{9A467492-0FB6-48D9-9E6D-FA1FEAAED75E}.Debug|Any CPU.ActiveCfg = Debug|Any CPU
		{9A467492-0FB6-48D9-9E6D-FA1FEAAED75E}.Debug|Any CPU.Build.0 = Debug|Any CPU
		{9A467492-0FB6-48D9-9E6D-FA1FEAAED75E}.Release|Any CPU.ActiveCfg = Release|Any CPU
		{9A467492-0FB6-48D9-9E6D-FA1FEAAED75E}.Release|Any CPU.Build.0 = Release|Any CPU
		{60E5B71E-FBCC-4C96-BCD4-5A87BCCA53A2}.Debug|Any CPU.ActiveCfg = Debug|Any CPU
		{60E5B71E-FBCC-4C96-BCD4-5A87BCCA53A2}.Debug|Any CPU.Build.0 = Debug|Any CPU
		{60E5B71E-FBCC-4C96-BCD4-5A87BCCA53A2}.Release|Any CPU.ActiveCfg = Release|Any CPU
		{60E5B71E-FBCC-4C96-BCD4-5A87BCCA53A2}.Release|Any CPU.Build.0 = Release|Any CPU
		{3EB9A4B4-C5D1-4095-9149-8D1905FC8C25}.Debug|Any CPU.ActiveCfg = Debug|Any CPU
		{3EB9A4B4-C5D1-4095-9149-8D1905FC8C25}.Debug|Any CPU.Build.0 = Debug|Any CPU
		{3EB9A4B4-C5D1-4095-9149-8D1905FC8C25}.Release|Any CPU.ActiveCfg = Release|Any CPU
		{3EB9A4B4-C5D1-4095-9149-8D1905FC8C25}.Release|Any CPU.Build.0 = Release|Any CPU
		{AB9A05B1-2EAC-4486-BE18-A4E53935D8D0}.Debug|Any CPU.ActiveCfg = Debug|Any CPU
		{AB9A05B1-2EAC-4486-BE18-A4E53935D8D0}.Debug|Any CPU.Build.0 = Debug|Any CPU
		{AB9A05B1-2EAC-4486-BE18-A4E53935D8D0}.Release|Any CPU.ActiveCfg = Release|Any CPU
		{AB9A05B1-2EAC-4486-BE18-A4E53935D8D0}.Release|Any CPU.Build.0 = Release|Any CPU
		{9B159585-00FA-4E17-8E36-DCFB18146DB7}.Debug|Any CPU.ActiveCfg = Debug|Any CPU
		{9B159585-00FA-4E17-8E36-DCFB18146DB7}.Debug|Any CPU.Build.0 = Debug|Any CPU
		{9B159585-00FA-4E17-8E36-DCFB18146DB7}.Release|Any CPU.ActiveCfg = Release|Any CPU
		{9B159585-00FA-4E17-8E36-DCFB18146DB7}.Release|Any CPU.Build.0 = Release|Any CPU
		{955283AA-61C4-4328-A836-461841A5564C}.Debug|Any CPU.ActiveCfg = Debug|Any CPU
		{955283AA-61C4-4328-A836-461841A5564C}.Debug|Any CPU.Build.0 = Debug|Any CPU
		{955283AA-61C4-4328-A836-461841A5564C}.Release|Any CPU.ActiveCfg = Release|Any CPU
		{955283AA-61C4-4328-A836-461841A5564C}.Release|Any CPU.Build.0 = Release|Any CPU
		{9D4690E7-8510-4170-A6F1-4649CE2295E0}.Debug|Any CPU.ActiveCfg = Debug|Any CPU
		{9D4690E7-8510-4170-A6F1-4649CE2295E0}.Debug|Any CPU.Build.0 = Debug|Any CPU
		{9D4690E7-8510-4170-A6F1-4649CE2295E0}.Release|Any CPU.ActiveCfg = Release|Any CPU
		{9D4690E7-8510-4170-A6F1-4649CE2295E0}.Release|Any CPU.Build.0 = Release|Any CPU
		{FFC0EC1D-1583-4F3E-9EA2-0388C78BDEBE}.Debug|Any CPU.ActiveCfg = Debug|Any CPU
		{FFC0EC1D-1583-4F3E-9EA2-0388C78BDEBE}.Debug|Any CPU.Build.0 = Debug|Any CPU
		{FFC0EC1D-1583-4F3E-9EA2-0388C78BDEBE}.Release|Any CPU.ActiveCfg = Release|Any CPU
		{FFC0EC1D-1583-4F3E-9EA2-0388C78BDEBE}.Release|Any CPU.Build.0 = Release|Any CPU
	EndGlobalSection
	GlobalSection(SolutionProperties) = preSolution
		HideSolutionNode = FALSE
	EndGlobalSection
	GlobalSection(NestedProjects) = preSolution
		{9ECF06F0-5B0D-4824-814C-8101F75E6EE7} = {5D989FA5-975F-4432-9C0C-D2FE5A323A7D}
		{435D9483-389F-47B2-816D-26A1C744533C} = {9ECF06F0-5B0D-4824-814C-8101F75E6EE7}
		{9A467492-0FB6-48D9-9E6D-FA1FEAAED75E} = {803918F3-1BA0-48C9-9B2F-2B1F3F40F817}
		{E28892B4-FD55-43FD-8C22-FDE9EDE4A8EF} = {5D989FA5-975F-4432-9C0C-D2FE5A323A7D}
		{3EB9A4B4-C5D1-4095-9149-8D1905FC8C25} = {E28892B4-FD55-43FD-8C22-FDE9EDE4A8EF}
		{50A7C281-C49E-4F62-BF5D-F2CF53B10D63} = {5D989FA5-975F-4432-9C0C-D2FE5A323A7D}
		{AB9A05B1-2EAC-4486-BE18-A4E53935D8D0} = {50A7C281-C49E-4F62-BF5D-F2CF53B10D63}
		{93381FC4-E166-45E3-96CB-8EAEDFEABFC1} = {5D989FA5-975F-4432-9C0C-D2FE5A323A7D}
		{9B159585-00FA-4E17-8E36-DCFB18146DB7} = {93381FC4-E166-45E3-96CB-8EAEDFEABFC1}
		{955283AA-61C4-4328-A836-461841A5564C} = {93381FC4-E166-45E3-96CB-8EAEDFEABFC1}
		{9D4690E7-8510-4170-A6F1-4649CE2295E0} = {93381FC4-E166-45E3-96CB-8EAEDFEABFC1}
		{FFC0EC1D-1583-4F3E-9EA2-0388C78BDEBE} = {93381FC4-E166-45E3-96CB-8EAEDFEABFC1}
	EndGlobalSection
	GlobalSection(ExtensibilityGlobals) = postSolution
		SolutionGuid = {12FB993B-80F6-402A-82B8-827CCA35E3FE}
	EndGlobalSection
EndGlobal
